
Microsoft Visual Studio Solution File, Format Version 12.00
# Visual Studio Version 17
VisualStudioVersion = 17.14.36310.24 d17.14
MinimumVisualStudioVersion = 10.0.40219.1
Project("{FAE04EC0-301F-11D3-BF4B-00C04F79EFBC}") = "CoffeeBreakAPI", "CoffeeBreakAPI.csproj", "{720445A9-0AF8-45D3-B709-B1362E330747}"
EndProject
Global
	GlobalSection(SolutionConfigurationPlatforms) = preSolution
		Debug|Any CPU = Debug|Any CPU
		Release|Any CPU = Release|Any CPU
	EndGlobalSection
	GlobalSection(ProjectConfigurationPlatforms) = postSolution
		{720445A9-0AF8-45D3-B709-B1362E330747}.Debug|Any CPU.ActiveCfg = Debug|Any CPU
		{720445A9-0AF8-45D3-B709-B1362E330747}.Debug|Any CPU.Build.0 = Debug|Any CPU
		{720445A9-0AF8-45D3-B709-B1362E330747}.Release|Any CPU.ActiveCfg = Release|Any CPU
		{720445A9-0AF8-45D3-B709-B1362E330747}.Release|Any CPU.Build.0 = Release|Any CPU
	EndGlobalSection
	GlobalSection(SolutionProperties) = preSolution
		HideSolutionNode = FALSE
	EndGlobalSection
	GlobalSection(ExtensibilityGlobals) = postSolution
		SolutionGuid = {F604C4EF-1013-4834-B8AA-1ECD56FA5F3A}
	EndGlobalSection
EndGlobal
